
Microsoft Visual Studio Solution File, Format Version 12.00
# Visual Studio Version 17
VisualStudioVersion = 17.9.34723.18
MinimumVisualStudioVersion = 10.0.40219.1
Project("{FAE04EC0-301F-11D3-BF4B-00C04F79EFBC}") = "Books-APIweb", "Books-APIweb\Books-APIweb.csproj", "{04DE9E98-3F02-4024-A01D-4E3948891CC8}"
EndProject
Global
	GlobalSection(SolutionConfigurationPlatforms) = preSolution
		Debug|Any CPU = Debug|Any CPU
		Release|Any CPU = Release|Any CPU
	EndGlobalSection
	GlobalSection(ProjectConfigurationPlatforms) = postSolution
		{04DE9E98-3F02-4024-A01D-4E3948891CC8}.Debug|Any CPU.ActiveCfg = Debug|Any CPU
		{04DE9E98-3F02-4024-A01D-4E3948891CC8}.Debug|Any CPU.Build.0 = Debug|Any CPU
		{04DE9E98-3F02-4024-A01D-4E3948891CC8}.Release|Any CPU.ActiveCfg = Release|Any CPU
		{04DE9E98-3F02-4024-A01D-4E3948891CC8}.Release|Any CPU.Build.0 = Release|Any CPU
	EndGlobalSection
	GlobalSection(SolutionProperties) = preSolution
		HideSolutionNode = FALSE
	EndGlobalSection
	GlobalSection(ExtensibilityGlobals) = postSolution
		SolutionGuid = {9B7076E2-8981-437E-B3D7-D136D1618E2F}
	EndGlobalSection
EndGlobal
